
Microsoft Visual Studio Solution File, Format Version 12.00
# Visual Studio Version 17
VisualStudioVersion = 17.5.002.0
MinimumVisualStudioVersion = 10.0.40219.1
Project("{9A19103F-16F7-4668-BE54-9A1E7A4F7556}") = "ProyectoEntrenamientoAstronauta", "ProyectoEntrenamientoAstronauta\ProyectoEntrenamientoAstronauta.csproj", "{0BEC08C2-E5E2-45ED-81FE-CE025ADA0888}"
EndProject
Global
	GlobalSection(SolutionConfigurationPlatforms) = preSolution
		Debug|Any CPU = Debug|Any CPU
		Release|Any CPU = Release|Any CPU
	EndGlobalSection
	GlobalSection(ProjectConfigurationPlatforms) = postSolution
		{0BEC08C2-E5E2-45ED-81FE-CE025ADA0888}.Debug|Any CPU.ActiveCfg = Debug|Any CPU
		{0BEC08C2-E5E2-45ED-81FE-CE025ADA0888}.Debug|Any CPU.Build.0 = Debug|Any CPU
		{0BEC08C2-E5E2-45ED-81FE-CE025ADA0888}.Release|Any CPU.ActiveCfg = Release|Any CPU
		{0BEC08C2-E5E2-45ED-81FE-CE025ADA0888}.Release|Any CPU.Build.0 = Release|Any CPU
	EndGlobalSection
	GlobalSection(SolutionProperties) = preSolution
		HideSolutionNode = FALSE
	EndGlobalSection
	GlobalSection(ExtensibilityGlobals) = postSolution
		SolutionGuid = {FAB5DD3A-FC2F-4218-B7DC-56CC01AFC738}
	EndGlobalSection
EndGlobal
